# This file is autogenerated, do not edit; changes may be undone by the next 'dep ensure'.


[[projects]]
  branch = "master"
  name = "github.com/golang/freetype"
  packages = ["raster","truetype"]
  revision = "e2365dfdc4a05e4b8299a783240d4a7d5a65d4e4"

[[projects]]
  branch = "master"
  name = "github.com/llgcode/draw2d"
  packages = [".","draw2dbase","draw2dimg"]
  revision = "c41aa97d30ae131f178c555e3bbaeae333dc8f0d"

[[projects]]
  branch = "master"
  name = "golang.org/x/image"
  packages = ["draw","font","math/f64","math/fixed"]
  revision = "12117c17ca67ffa1ce22e9409f3b0b0a93ac08c7"

[solve-meta]
  analyzer-name = "dep"
  analyzer-version = 1
  inputs-digest = "0f0351a2063b5627dbf9fa81bb3e013f784954fdcec851b94ac1cdcf14e1d6f7"
  solver-name = "gps-cdcl"
  solver-version = 1
